
Microsoft Visual Studio Solution File, Format Version 12.00
# Visual Studio 15
VisualStudioVersion = 15.0.26730.12
MinimumVisualStudioVersion = 10.0.40219.1
Project("{FAE04EC0-301F-11D3-BF4B-00C04F79EFBC}") = "Beer_Meter", "WindowsFormsApp1\Beer_Meter.csproj", "{E8307A44-B8B0-4291-949F-880739824778}"
EndProject
Global
	GlobalSection(SolutionConfigurationPlatforms) = preSolution
		Debug|Any CPU = Debug|Any CPU
		Release|Any CPU = Release|Any CPU
	EndGlobalSection
	GlobalSection(ProjectConfigurationPlatforms) = postSolution
		{E8307A44-B8B0-4291-949F-880739824778}.Debug|Any CPU.ActiveCfg = Debug|Any CPU
		{E8307A44-B8B0-4291-949F-880739824778}.Debug|Any CPU.Build.0 = Debug|Any CPU
		{E8307A44-B8B0-4291-949F-880739824778}.Release|Any CPU.ActiveCfg = Release|Any CPU
		{E8307A44-B8B0-4291-949F-880739824778}.Release|Any CPU.Build.0 = Release|Any CPU
	EndGlobalSection
	GlobalSection(SolutionProperties) = preSolution
		HideSolutionNode = FALSE
	EndGlobalSection
	GlobalSection(ExtensibilityGlobals) = postSolution
		SolutionGuid = {57B22E97-6EA3-4E6A-84C2-B33A20692F57}
	EndGlobalSection
EndGlobal
