
Microsoft Visual Studio Solution File, Format Version 12.00
# Visual Studio 14
VisualStudioVersion = 14.0.25420.1
MinimumVisualStudioVersion = 10.0.40219.1
Project("{FAE04EC0-301F-11D3-BF4B-00C04F79EFBC}") = "BeerOverflowWindowsApp", "BeerOverflowWindowsApp\BeerOverflowWindowsApp.csproj", "{8219DCAD-DDC8-42A7-A3BC-D1BD081BB2F2}"
EndProject
Project("{FAE04EC0-301F-11D3-BF4B-00C04F79EFBC}") = "BeerOverflowWindowsApp.UnitTests", "BeerOverflowWindowsApp.UnitTests\BeerOverflowWindowsApp.UnitTests.csproj", "{A2CDA18F-CEC2-4F6B-B02C-0A55A0B38A3D}"
EndProject
Project("{FAE04EC0-301F-11D3-BF4B-00C04F79EFBC}") = "WebApi", "WebApi\WebApi.csproj", "{A00CDDA3-EB9B-470E-A132-EA5656CF7B97}"
EndProject
Global
	GlobalSection(SolutionConfigurationPlatforms) = preSolution
		Debug|Any CPU = Debug|Any CPU
		Release|Any CPU = Release|Any CPU
	EndGlobalSection
	GlobalSection(ProjectConfigurationPlatforms) = postSolution
		{8219DCAD-DDC8-42A7-A3BC-D1BD081BB2F2}.Debug|Any CPU.ActiveCfg = Debug|Any CPU
		{8219DCAD-DDC8-42A7-A3BC-D1BD081BB2F2}.Debug|Any CPU.Build.0 = Debug|Any CPU
		{8219DCAD-DDC8-42A7-A3BC-D1BD081BB2F2}.Release|Any CPU.ActiveCfg = Release|Any CPU
		{8219DCAD-DDC8-42A7-A3BC-D1BD081BB2F2}.Release|Any CPU.Build.0 = Release|Any CPU
		{A2CDA18F-CEC2-4F6B-B02C-0A55A0B38A3D}.Debug|Any CPU.ActiveCfg = Debug|Any CPU
		{A2CDA18F-CEC2-4F6B-B02C-0A55A0B38A3D}.Debug|Any CPU.Build.0 = Debug|Any CPU
		{A2CDA18F-CEC2-4F6B-B02C-0A55A0B38A3D}.Release|Any CPU.ActiveCfg = Release|Any CPU
		{A2CDA18F-CEC2-4F6B-B02C-0A55A0B38A3D}.Release|Any CPU.Build.0 = Release|Any CPU
		{A00CDDA3-EB9B-470E-A132-EA5656CF7B97}.Debug|Any CPU.ActiveCfg = Debug|Any CPU
		{A00CDDA3-EB9B-470E-A132-EA5656CF7B97}.Debug|Any CPU.Build.0 = Debug|Any CPU
		{A00CDDA3-EB9B-470E-A132-EA5656CF7B97}.Release|Any CPU.ActiveCfg = Release|Any CPU
		{A00CDDA3-EB9B-470E-A132-EA5656CF7B97}.Release|Any CPU.Build.0 = Release|Any CPU
	EndGlobalSection
	GlobalSection(SolutionProperties) = preSolution
		HideSolutionNode = FALSE
	EndGlobalSection
	GlobalSection(ExtensibilityGlobals) = postSolution
		SolutionGuid = {376CEF30-2C90-4E65-A834-A3ADC97FC3A5}
	EndGlobalSection
EndGlobal
